
Microsoft Visual Studio Solution File, Format Version 12.00
# Visual Studio Version 17
VisualStudioVersion = 17.4.33213.308
MinimumVisualStudioVersion = 10.0.40219.1
Project("{FAE04EC0-301F-11D3-BF4B-00C04F79EFBC}") = "ejercicio60", "ejercicio60.csproj", "{5BA9B610-6205-4B11-A9C4-1612B41F526C}"
EndProject
Project("{FAE04EC0-301F-11D3-BF4B-00C04F79EFBC}") = "ejercicio61", "..\ejercicio61\ejercicio61.csproj", "{9CCCB16E-9737-4576-A5CE-3583B9F7ADF2}"
EndProject
Project("{FAE04EC0-301F-11D3-BF4B-00C04F79EFBC}") = "ejercicio62", "..\ejercicio62\ejercicio62.csproj", "{CEF3513C-9530-4A15-B8E1-56BF542241C7}"
EndProject
Global
	GlobalSection(SolutionConfigurationPlatforms) = preSolution
		Debug|Any CPU = Debug|Any CPU
		Release|Any CPU = Release|Any CPU
	EndGlobalSection
	GlobalSection(ProjectConfigurationPlatforms) = postSolution
		{5BA9B610-6205-4B11-A9C4-1612B41F526C}.Debug|Any CPU.ActiveCfg = Debug|Any CPU
		{5BA9B610-6205-4B11-A9C4-1612B41F526C}.Debug|Any CPU.Build.0 = Debug|Any CPU
		{5BA9B610-6205-4B11-A9C4-1612B41F526C}.Release|Any CPU.ActiveCfg = Release|Any CPU
		{5BA9B610-6205-4B11-A9C4-1612B41F526C}.Release|Any CPU.Build.0 = Release|Any CPU
		{9CCCB16E-9737-4576-A5CE-3583B9F7ADF2}.Debug|Any CPU.ActiveCfg = Debug|Any CPU
		{9CCCB16E-9737-4576-A5CE-3583B9F7ADF2}.Debug|Any CPU.Build.0 = Debug|Any CPU
		{9CCCB16E-9737-4576-A5CE-3583B9F7ADF2}.Release|Any CPU.ActiveCfg = Release|Any CPU
		{9CCCB16E-9737-4576-A5CE-3583B9F7ADF2}.Release|Any CPU.Build.0 = Release|Any CPU
		{CEF3513C-9530-4A15-B8E1-56BF542241C7}.Debug|Any CPU.ActiveCfg = Debug|Any CPU
		{CEF3513C-9530-4A15-B8E1-56BF542241C7}.Debug|Any CPU.Build.0 = Debug|Any CPU
		{CEF3513C-9530-4A15-B8E1-56BF542241C7}.Release|Any CPU.ActiveCfg = Release|Any CPU
		{CEF3513C-9530-4A15-B8E1-56BF542241C7}.Release|Any CPU.Build.0 = Release|Any CPU
	EndGlobalSection
	GlobalSection(SolutionProperties) = preSolution
		HideSolutionNode = FALSE
	EndGlobalSection
	GlobalSection(ExtensibilityGlobals) = postSolution
		SolutionGuid = {C4FDF307-CD68-4CAF-80E0-5C8719774CAE}
	EndGlobalSection
EndGlobal
