
Microsoft Visual Studio Solution File, Format Version 12.00
# Visual Studio Version 17
VisualStudioVersion = 17.4.33213.308
MinimumVisualStudioVersion = 10.0.40219.1
Project("{FAE04EC0-301F-11D3-BF4B-00C04F79EFBC}") = "ejercicio123", "ejercicio123.csproj", "{B57EC0F2-3263-48FB-8278-61B25899792B}"
EndProject
Global
	GlobalSection(SolutionConfigurationPlatforms) = preSolution
		Debug|Any CPU = Debug|Any CPU
		Release|Any CPU = Release|Any CPU
	EndGlobalSection
	GlobalSection(ProjectConfigurationPlatforms) = postSolution
		{B57EC0F2-3263-48FB-8278-61B25899792B}.Debug|Any CPU.ActiveCfg = Debug|Any CPU
		{B57EC0F2-3263-48FB-8278-61B25899792B}.Debug|Any CPU.Build.0 = Debug|Any CPU
		{B57EC0F2-3263-48FB-8278-61B25899792B}.Release|Any CPU.ActiveCfg = Release|Any CPU
		{B57EC0F2-3263-48FB-8278-61B25899792B}.Release|Any CPU.Build.0 = Release|Any CPU
	EndGlobalSection
	GlobalSection(SolutionProperties) = preSolution
		HideSolutionNode = FALSE
	EndGlobalSection
	GlobalSection(ExtensibilityGlobals) = postSolution
		SolutionGuid = {7E8C606D-86F2-4809-AF7D-E92A88D82E7E}
	EndGlobalSection
EndGlobal
